
Microsoft Visual Studio Solution File, Format Version 12.00
# Visual Studio 14
VisualStudioVersion = 14.0.25420.1
MinimumVisualStudioVersion = 10.0.40219.1
Project("{FAE04EC0-301F-11D3-BF4B-00C04F79EFBC}") = "TicketAutomationTool", "TicketAutomationTool\TicketAutomationTool.csproj", "{8CCF42DC-4912-40DE-A2CC-F10AE08938E1}"
EndProject
Project("{FAE04EC0-301F-11D3-BF4B-00C04F79EFBC}") = "TicketAutomationAPI", "TicketAutomationAPI\TicketAutomationAPI.csproj", "{33820B55-B200-4483-B2BB-1E823C6603D5}"
EndProject
Project("{E24C65DC-7377-472B-9ABA-BC803B73C61A}") = "TicketAutomationTool_UI", "TicketAutomationTool_UI\", "{A1B4EBF8-B933-4CB8-986D-943911B1E5E7}"
	ProjectSection(WebsiteProperties) = preProject
		TargetFrameworkMoniker = ".NETFramework,Version%3Dv4.0"
		Debug.AspNetCompiler.VirtualPath = "/localhost_61568"
		Debug.AspNetCompiler.PhysicalPath = "TicketAutomationTool_UI\"
		Debug.AspNetCompiler.TargetPath = "PrecompiledWeb\localhost_61568\"
		Debug.AspNetCompiler.Updateable = "true"
		Debug.AspNetCompiler.ForceOverwrite = "true"
		Debug.AspNetCompiler.FixedNames = "false"
		Debug.AspNetCompiler.Debug = "True"
		Release.AspNetCompiler.VirtualPath = "/localhost_61568"
		Release.AspNetCompiler.PhysicalPath = "TicketAutomationTool_UI\"
		Release.AspNetCompiler.TargetPath = "PrecompiledWeb\localhost_61568\"
		Release.AspNetCompiler.Updateable = "true"
		Release.AspNetCompiler.ForceOverwrite = "true"
		Release.AspNetCompiler.FixedNames = "false"
		Release.AspNetCompiler.Debug = "False"
		VWDPort = "61568"
		SlnRelativePath = "TicketAutomationTool_UI\"
	EndProjectSection
EndProject
Global
	GlobalSection(SolutionConfigurationPlatforms) = preSolution
		Debug|Any CPU = Debug|Any CPU
		Release|Any CPU = Release|Any CPU
	EndGlobalSection
	GlobalSection(ProjectConfigurationPlatforms) = postSolution
		{8CCF42DC-4912-40DE-A2CC-F10AE08938E1}.Debug|Any CPU.ActiveCfg = Debug|Any CPU
		{8CCF42DC-4912-40DE-A2CC-F10AE08938E1}.Debug|Any CPU.Build.0 = Debug|Any CPU
		{8CCF42DC-4912-40DE-A2CC-F10AE08938E1}.Release|Any CPU.ActiveCfg = Release|Any CPU
		{8CCF42DC-4912-40DE-A2CC-F10AE08938E1}.Release|Any CPU.Build.0 = Release|Any CPU
		{33820B55-B200-4483-B2BB-1E823C6603D5}.Debug|Any CPU.ActiveCfg = Debug|Any CPU
		{33820B55-B200-4483-B2BB-1E823C6603D5}.Debug|Any CPU.Build.0 = Debug|Any CPU
		{33820B55-B200-4483-B2BB-1E823C6603D5}.Release|Any CPU.ActiveCfg = Release|Any CPU
		{33820B55-B200-4483-B2BB-1E823C6603D5}.Release|Any CPU.Build.0 = Release|Any CPU
		{A1B4EBF8-B933-4CB8-986D-943911B1E5E7}.Debug|Any CPU.ActiveCfg = Debug|Any CPU
		{A1B4EBF8-B933-4CB8-986D-943911B1E5E7}.Debug|Any CPU.Build.0 = Debug|Any CPU
		{A1B4EBF8-B933-4CB8-986D-943911B1E5E7}.Release|Any CPU.ActiveCfg = Debug|Any CPU
		{A1B4EBF8-B933-4CB8-986D-943911B1E5E7}.Release|Any CPU.Build.0 = Debug|Any CPU
	EndGlobalSection
	GlobalSection(SolutionProperties) = preSolution
		HideSolutionNode = FALSE
	EndGlobalSection
EndGlobal
